// !$*UTF8*$!
{
	archiveVersion = 1;
	classes = {
	};
	objectVersion = 46;
	objects = {

/* Begin PBXBuildFile section */
		828413461D0851EF00206E4C /* main.m in Sources */ = {isa = PBXBuildFile; fileRef = 828413451D0851EF00206E4C /* main.m */; };
		828413491D0851EF00206E4C /* AppDelegate.m in Sources */ = {isa = PBXBuildFile; fileRef = 828413481D0851EF00206E4C /* AppDelegate.m */; };
		8284134C1D0851EF00206E4C /* ViewController.m in Sources */ = {isa = PBXBuildFile; fileRef = 8284134B1D0851EF00206E4C /* ViewController.m */; };
		8284134F1D0851EF00206E4C /* Main.storyboard in Resources */ = {isa = PBXBuildFile; fileRef = 8284134D1D0851EF00206E4C /* Main.storyboard */; };
		828413511D0851EF00206E4C /* Assets.xcassets in Resources */ = {isa = PBXBuildFile; fileRef = 828413501D0851EF00206E4C /* Assets.xcassets */; };
		828413541D0851EF00206E4C /* LaunchScreen.storyboard in Resources */ = {isa = PBXBuildFile; fileRef = 828413521D0851EF00206E4C /* LaunchScreen.storyboard */; };
		828413651D08688E00206E4C /* MacFinder.m in Sources */ = {isa = PBXBuildFile; fileRef = 828413641D08688E00206E4C /* MacFinder.m */; };
/* End PBXBuildFile section */

/* Begin PBXFileReference section */
		828413411D0851EF00206E4C /* MacFinder.app */ = {isa = PBXFileReference; explicitFileType = wrapper.application; includeInIndex = 0; path = MacFinder.app; sourceTree = BUILT_PRODUCTS_DIR; };
		828413451D0851EF00206E4C /* main.m */ = {isa = PBXFileReference; lastKnownFileType = sourcecode.c.objc; path = main.m; sourceTree = "<group>"; };
		828413471D0851EF00206E4C /* AppDelegate.h */ = {isa = PBXFileReference; lastKnownFileType = sourcecode.c.h; path = AppDelegate.h; sourceTree = "<group>"; };
		828413481D0851EF00206E4C /* AppDelegate.m */ = {isa = PBXFileReference; lastKnownFileType = sourcecode.c.objc; path = AppDelegate.m; sourceTree = "<group>"; };
		8284134A1D0851EF00206E4C /* ViewController.h */ = {isa = PBXFileReference; lastKnownFileType = sourcecode.c.h; path = ViewController.h; sourceTree = "<group>"; };
		8284134B1D0851EF00206E4C /* ViewController.m */ = {isa = PBXFileReference; lastKnownFileType = sourcecode.c.objc; path = ViewController.m; sourceTree = "<group>"; };
		8284134E1D0851EF00206E4C /* Base */ = {isa = PBXFileReference; lastKnownFileType = file.storyboard; name = Base; path = Base.lproj/Main.storyboard; sourceTree = "<group>"; };
		828413501D0851EF00206E4C /* Assets.xcassets */ = {isa = PBXFileReference; lastKnownFileType = folder.assetcatalog; path = Assets.xcassets; sourceTree = "<group>"; };
		828413531D0851EF00206E4C /* Base */ = {isa = PBXFileReference; lastKnownFileType = file.storyboard; name = Base; path = Base.lproj/LaunchScreen.storyboard; sourceTree = "<group>"; };
		828413551D0851F000206E4C /* Info.plist */ = {isa = PBXFileReference; lastKnownFileType = text.plist.xml; path = Info.plist; sourceTree = "<group>"; };
		8284135C1D08523800206E4C /* route.h */ = {isa = PBXFileReference; lastKnownFileType = sourcecode.c.h; path = route.h; sourceTree = "<group>"; };
		8284135D1D08529D00206E4C /* if_ether.h */ = {isa = PBXFileReference; lastKnownFileType = sourcecode.c.h; path = if_ether.h; sourceTree = "<group>"; };
		828413621D08558C00206E4C /* if_arp.h */ = {isa = PBXFileReference; lastKnownFileType = sourcecode.c.h; path = if_arp.h; sourceTree = "<group>"; };
		828413631D08688E00206E4C /* MacFinder.h */ = {isa = PBXFileReference; fileEncoding = 4; lastKnownFileType = sourcecode.c.h; name = MacFinder.h; path = ../../MacFinder.h; sourceTree = "<group>"; };
		828413641D08688E00206E4C /* MacFinder.m */ = {isa = PBXFileReference; fileEncoding = 4; lastKnownFileType = sourcecode.c.objc; name = MacFinder.m; path = ../../MacFinder.m; sourceTree = "<group>"; };
/* End PBXFileReference section */

/* Begin PBXFrameworksBuildPhase section */
		8284133E1D0851EF00206E4C /* Frameworks */ = {
			isa = PBXFrameworksBuildPhase;
			buildActionMask = 2147483647;
			files = (
			);
			runOnlyForDeploymentPostprocessing = 0;
		};
/* End PBXFrameworksBuildPhase section */

/* Begin PBXGroup section */
		828413381D0851EF00206E4C = {
			isa = PBXGroup;
			children = (
				828413431D0851EF00206E4C /* MacFinder */,
				828413421D0851EF00206E4C /* Products */,
			);
			sourceTree = "<group>";
		};
		828413421D0851EF00206E4C /* Products */ = {
			isa = PBXGroup;
			children = (
				828413411D0851EF00206E4C /* MacFinder.app */,
			);
			name = Products;
			sourceTree = "<group>";
		};
		828413431D0851EF00206E4C /* MacFinder */ = {
			isa = PBXGroup;
			children = (
				8284135E1D08529F00206E4C /* Headers */,
				828413471D0851EF00206E4C /* AppDelegate.h */,
				828413481D0851EF00206E4C /* AppDelegate.m */,
				828413631D08688E00206E4C /* MacFinder.h */,
				828413641D08688E00206E4C /* MacFinder.m */,
				8284134A1D0851EF00206E4C /* ViewController.h */,
				8284134B1D0851EF00206E4C /* ViewController.m */,
				8284134D1D0851EF00206E4C /* Main.storyboard */,
				828413501D0851EF00206E4C /* Assets.xcassets */,
				828413521D0851EF00206E4C /* LaunchScreen.storyboard */,
				828413551D0851F000206E4C /* Info.plist */,
				828413441D0851EF00206E4C /* Supporting Files */,
			);
			path = MacFinder;
			sourceTree = "<group>";
		};
		828413441D0851EF00206E4C /* Supporting Files */ = {
			isa = PBXGroup;
			children = (
				828413451D0851EF00206E4C /* main.m */,
			);
			name = "Supporting Files";
			sourceTree = "<group>";
		};
		8284135E1D08529F00206E4C /* Headers */ = {
			isa = PBXGroup;
			children = (
				8284135C1D08523800206E4C /* route.h */,
				8284135D1D08529D00206E4C /* if_ether.h */,
				828413621D08558C00206E4C /* if_arp.h */,
			);
			name = Headers;
			sourceTree = "<group>";
		};
/* End PBXGroup section */

/* Begin PBXNativeTarget section */
		828413401D0851EF00206E4C /* MacFinder */ = {
			isa = PBXNativeTarget;
			buildConfigurationList = 828413581D0851F000206E4C /* Build configuration list for PBXNativeTarget "MacFinder" */;
			buildPhases = (
				8284133D1D0851EF00206E4C /* Sources */,
				8284133E1D0851EF00206E4C /* Frameworks */,
				8284133F1D0851EF00206E4C /* Resources */,
			);
			buildRules = (
			);
			dependencies = (
			);
			name = MacFinder;
			productName = MacFinder;
			productReference = 828413411D0851EF00206E4C /* MacFinder.app */;
			productType = "com.apple.product-type.application";
		};
/* End PBXNativeTarget section */

/* Begin PBXProject section */
		828413391D0851EF00206E4C /* Project object */ = {
			isa = PBXProject;
			attributes = {
				LastUpgradeCheck = 0820;
				ORGANIZATIONNAME = Miksoft;
				TargetAttributes = {
					828413401D0851EF00206E4C = {
						CreatedOnToolsVersion = 7.3.1;
						DevelopmentTeam = JSY962FCU8;
					};
				};
			};
			buildConfigurationList = 8284133C1D0851EF00206E4C /* Build configuration list for PBXProject "MacFinder" */;
			compatibilityVersion = "Xcode 3.2";
			developmentRegion = English;
			hasScannedForEncodings = 0;
			knownRegions = (
				en,
				Base,
			);
			mainGroup = 828413381D0851EF00206E4C;
			productRefGroup = 828413421D0851EF00206E4C /* Products */;
			projectDirPath = "";
			projectRoot = "";
			targets = (
				828413401D0851EF00206E4C /* MacFinder */,
			);
		};
/* End PBXProject section */

/* Begin PBXResourcesBuildPhase section */
		8284133F1D0851EF00206E4C /* Resources */ = {
			isa = PBXResourcesBuildPhase;
			buildActionMask = 2147483647;
			files = (
				828413541D0851EF00206E4C /* LaunchScreen.storyboard in Resources */,
				828413511D0851EF00206E4C /* Assets.xcassets in Resources */,
				8284134F1D0851EF00206E4C /* Main.storyboard in Resources */,
			);
			runOnlyForDeploymentPostprocessing = 0;
		};
/* End PBXResourcesBuildPhase section */

/* Begin PBXSourcesBuildPhase section */
		8284133D1D0851EF00206E4C /* Sources */ = {
			isa = PBXSourcesBuildPhase;
			buildActionMask = 2147483647;
			files = (
				8284134C1D0851EF00206E4C /* ViewController.m in Sources */,
				828413491D0851EF00206E4C /* AppDelegate.m in Sources */,
				828413461D0851EF00206E4C /* main.m in Sources */,
				828413651D08688E00206E4C /* MacFinder.m in Sources */,
			);
			runOnlyForDeploymentPostprocessing = 0;
		};
/* End PBXSourcesBuildPhase section */

/* Begin PBXVariantGroup section */
		8284134D1D0851EF00206E4C /* Main.storyboard */ = {
			isa = PBXVariantGroup;
			children = (
				8284134E1D0851EF00206E4C /* Base */,
			);
			name = Main.storyboard;
			sourceTree = "<group>";
		};
		828413521D0851EF00206E4C /* LaunchScreen.storyboard */ = {
			isa = PBXVariantGroup;
			children = (
				828413531D0851EF00206E4C /* Base */,
			);
			name = LaunchScreen.storyboard;
			sourceTree = "<group>";
		};
/* End PBXVariantGroup section */

/* Begin XCBuildConfiguration section */
		828413561D0851F000206E4C /* Debug */ = {
			isa = XCBuildConfiguration;
			buildSettings = {
				ALWAYS_SEARCH_USER_PATHS = NO;
				CLANG_ANALYZER_NONNULL = YES;
				CLANG_CXX_LANGUAGE_STANDARD = "gnu++0x";
				CLANG_CXX_LIBRARY = "libc++";
				CLANG_ENABLE_MODULES = YES;
				CLANG_ENABLE_OBJC_ARC = YES;
				CLANG_WARN_BOOL_CONVERSION = YES;
				CLANG_WARN_CONSTANT_CONVERSION = YES;
				CLANG_WARN_DIRECT_OBJC_ISA_USAGE = YES_ERROR;
				CLANG_WARN_EMPTY_BODY = YES;
				CLANG_WARN_ENUM_CONVERSION = YES;
				CLANG_WARN_INFINITE_RECURSION = YES;
				CLANG_WARN_INT_CONVERSION = YES;
				CLANG_WARN_OBJC_ROOT_CLASS = YES_ERROR;
				CLANG_WARN_SUSPICIOUS_MOVE = YES;
				CLANG_WARN_UNREACHABLE_CODE = YES;
				CLANG_WARN__DUPLICATE_METHOD_MATCH = YES;
				"CODE_SIGN_IDENTITY[sdk=iphoneos*]" = "iPhone Developer";
				COPY_PHASE_STRIP = NO;
				DEBUG_INFORMATION_FORMAT = dwarf;
				ENABLE_STRICT_OBJC_MSGSEND = YES;
				ENABLE_TESTABILITY = YES;
				GCC_C_LANGUAGE_STANDARD = gnu99;
				GCC_DYNAMIC_NO_PIC = NO;
				GCC_NO_COMMON_BLOCKS = YES;
				GCC_OPTIMIZATION_LEVEL = 0;
				GCC_PREPROCESSOR_DEFINITIONS = (
					"DEBUG=1",
					"$(inherited)",
				);
				GCC_WARN_64_TO_32_BIT_CONVERSION = YES;
				GCC_WARN_ABOUT_RETURN_TYPE = YES_ERROR;
				GCC_WARN_UNDECLARED_SELECTOR = YES;
				GCC_WARN_UNINITIALIZED_AUTOS = YES_AGGRESSIVE;
				GCC_WARN_UNUSED_FUNCTION = YES;
				GCC_WARN_UNUSED_VARIABLE = YES;
				IPHONEOS_DEPLOYMENT_TARGET = 9.3;
				MTL_ENABLE_DEBUG_INFO = YES;
				ONLY_ACTIVE_ARCH = YES;
				SDKROOT = iphoneos;
			};
			name = Debug;
		};
		828413571D0851F000206E4C /* Release */ = {
			isa = XCBuildConfiguration;
			buildSettings = {
				ALWAYS_SEARCH_USER_PATHS = NO;
				CLANG_ANALYZER_NONNULL = YES;
				CLANG_CXX_LANGUAGE_STANDARD = "gnu++0x";
				CLANG_CXX_LIBRARY = "libc++";
				CLANG_ENABLE_MODULES = YES;
				CLANG_ENABLE_OBJC_ARC = YES;
				CLANG_WARN_BOOL_CONVERSION = YES;
				CLANG_WARN_CONSTANT_CONVERSION = YES;
				CLANG_WARN_DIRECT_OBJC_ISA_USAGE = YES_ERROR;
				CLANG_WARN_EMPTY_BODY = YES;
				CLANG_WARN_ENUM_CONVERSION = YES;
				CLANG_WARN_INFINITE_RECURSION = YES;
				CLANG_WARN_INT_CONVERSION = YES;
				CLANG_WARN_OBJC_ROOT_CLASS = YES_ERROR;
				CLANG_WARN_SUSPICIOUS_MOVE = YES;
				CLANG_WARN_UNREACHABLE_CODE = YES;
				CLANG_WARN__DUPLICATE_METHOD_MATCH = YES;
				"CODE_SIGN_IDENTITY[sdk=iphoneos*]" = "iPhone Developer";
				COPY_PHASE_STRIP = NO;
				DEBUG_INFORMATION_FORMAT = "dwarf-with-dsym";
				ENABLE_NS_ASSERTIONS = NO;
				ENABLE_STRICT_OBJC_MSGSEND = YES;
				GCC_C_LANGUAGE_STANDARD = gnu99;
				GCC_NO_COMMON_BLOCKS = YES;
				GCC_WARN_64_TO_32_BIT_CONVERSION = YES;
				GCC_WARN_ABOUT_RETURN_TYPE = YES_ERROR;
				GCC_WARN_UNDECLARED_SELECTOR = YES;
				GCC_WARN_UNINITIALIZED_AUTOS = YES_AGGRESSIVE;
				GCC_WARN_UNUSED_FUNCTION = YES;
				GCC_WARN_UNUSED_VARIABLE = YES;
				IPHONEOS_DEPLOYMENT_TARGET = 9.3;
				MTL_ENABLE_DEBUG_INFO = NO;
				SDKROOT = iphoneos;
				VALIDATE_PRODUCT = YES;
			};
			name = Release;
		};
		828413591D0851F000206E4C /* Debug */ = {
			isa = XCBuildConfiguration;
			buildSettings = {
				ASSETCATALOG_COMPILER_APPICON_NAME = AppIcon;
				DEVELOPMENT_TEAM = JSY962FCU8;
				INFOPLIST_FILE = MacFinder/Info.plist;
				LD_RUNPATH_SEARCH_PATHS = "$(inherited) @executable_path/Frameworks";
				PRODUCT_BUNDLE_IDENTIFIER = net.miksoft.MacFinder;
				PRODUCT_NAME = "$(TARGET_NAME)";
			};
			name = Debug;
		};
		8284135A1D0851F000206E4C /* Release */ = {
			isa = XCBuildConfiguration;
			buildSettings = {
				ASSETCATALOG_COMPILER_APPICON_NAME = AppIcon;
				DEVELOPMENT_TEAM = JSY962FCU8;
				INFOPLIST_FILE = MacFinder/Info.plist;
				LD_RUNPATH_SEARCH_PATHS = "$(inherited) @executable_path/Frameworks";
				PRODUCT_BUNDLE_IDENTIFIER = net.miksoft.MacFinder;
				PRODUCT_NAME = "$(TARGET_NAME)";
			};
			name = Release;
		};
/* End XCBuildConfiguration section */

/* Begin XCConfigurationList section */
		8284133C1D0851EF00206E4C /* Build configuration list for PBXProject "MacFinder" */ = {
			isa = XCConfigurationList;
			buildConfigurations = (
				828413561D0851F000206E4C /* Debug */,
				828413571D0851F000206E4C /* Release */,
			);
			defaultConfigurationIsVisible = 0;
			defaultConfigurationName = Release;
		};
		828413581D0851F000206E4C /* Build configuration list for PBXNativeTarget "MacFinder" */ = {
			isa = XCConfigurationList;
			buildConfigurations = (
				828413591D0851F000206E4C /* Debug */,
				8284135A1D0851F000206E4C /* Release */,
			);
			defaultConfigurationIsVisible = 0;
			defaultConfigurationName = Release;
		};
/* End XCConfigurationList section */
	};
	rootObject = 828413391D0851EF00206E4C /* Project object */;
}
